// !$*UTF8*$!
{
	archiveVersion = 1;
	classes = {
	};
	objectVersion = 56;
	objects = {

/* Begin PBXBuildFile section */
		54EB737C2BA6CAE1002DAF95 /* AppDelegate.swift in Sources */ = {isa = PBXBuildFile; fileRef = 54EB737B2BA6CAE1002DAF95 /* AppDelegate.swift */; };
		54EB737E2BA6CAE1002DAF95 /* SceneDelegate.swift in Sources */ = {isa = PBXBuildFile; fileRef = 54EB737D2BA6CAE1002DAF95 /* SceneDelegate.swift */; };
		54EB73802BA6CAE1002DAF95 /* ViewController.swift in Sources */ = {isa = PBXBuildFile; fileRef = 54EB737F2BA6CAE1002DAF95 /* ViewController.swift */; };
		54EB73832BA6CAE1002DAF95 /* Main.storyboard in Resources */ = {isa = PBXBuildFile; fileRef = 54EB73812BA6CAE1002DAF95 /* Main.storyboard */; };
		54EB73852BA6CAE3002DAF95 /* Assets.xcassets in Resources */ = {isa = PBXBuildFile; fileRef = 54EB73842BA6CAE3002DAF95 /* Assets.xcassets */; };
		54EB73882BA6CAE3002DAF95 /* LaunchScreen.storyboard in Resources */ = {isa = PBXBuildFile; fileRef = 54EB73862BA6CAE3002DAF95 /* LaunchScreen.storyboard */; };
		54EB73932BA6CAE4002DAF95 /* lab5Tests.swift in Sources */ = {isa = PBXBuildFile; fileRef = 54EB73922BA6CAE4002DAF95 /* lab5Tests.swift */; };
		54EB739D2BA6CAE4002DAF95 /* lab5UITests.swift in Sources */ = {isa = PBXBuildFile; fileRef = 54EB739C2BA6CAE4002DAF95 /* lab5UITests.swift */; };
		54EB739F2BA6CAE4002DAF95 /* lab5UITestsLaunchTests.swift in Sources */ = {isa = PBXBuildFile; fileRef = 54EB739E2BA6CAE4002DAF95 /* lab5UITestsLaunchTests.swift */; };
/* End PBXBuildFile section */

/* Begin PBXContainerItemProxy section */
		54EB738F2BA6CAE3002DAF95 /* PBXContainerItemProxy */ = {
			isa = PBXContainerItemProxy;
			containerPortal = 54EB73702BA6CAE1002DAF95 /* Project object */;
			proxyType = 1;
			remoteGlobalIDString = 54EB73772BA6CAE1002DAF95;
			remoteInfo = lab5;
		};
		54EB73992BA6CAE4002DAF95 /* PBXContainerItemProxy */ = {
			isa = PBXContainerItemProxy;
			containerPortal = 54EB73702BA6CAE1002DAF95 /* Project object */;
			proxyType = 1;
			remoteGlobalIDString = 54EB73772BA6CAE1002DAF95;
			remoteInfo = lab5;
		};
/* End PBXContainerItemProxy section */

/* Begin PBXFileReference section */
		54EB73782BA6CAE1002DAF95 /* lab5.app */ = {isa = PBXFileReference; explicitFileType = wrapper.application; includeInIndex = 0; path = lab5.app; sourceTree = BUILT_PRODUCTS_DIR; };
		54EB737B2BA6CAE1002DAF95 /* AppDelegate.swift */ = {isa = PBXFileReference; lastKnownFileType = sourcecode.swift; path = AppDelegate.swift; sourceTree = "<group>"; };
		54EB737D2BA6CAE1002DAF95 /* SceneDelegate.swift */ = {isa = PBXFileReference; lastKnownFileType = sourcecode.swift; path = SceneDelegate.swift; sourceTree = "<group>"; };
		54EB737F2BA6CAE1002DAF95 /* ViewController.swift */ = {isa = PBXFileReference; lastKnownFileType = sourcecode.swift; path = ViewController.swift; sourceTree = "<group>"; };
		54EB73822BA6CAE1002DAF95 /* Base */ = {isa = PBXFileReference; lastKnownFileType = file.storyboard; name = Base; path = Base.lproj/Main.storyboard; sourceTree = "<group>"; };
		54EB73842BA6CAE3002DAF95 /* Assets.xcassets */ = {isa = PBXFileReference; lastKnownFileType = folder.assetcatalog; path = Assets.xcassets; sourceTree = "<group>"; };
		54EB73872BA6CAE3002DAF95 /* Base */ = {isa = PBXFileReference; lastKnownFileType = file.storyboard; name = Base; path = Base.lproj/LaunchScreen.storyboard; sourceTree = "<group>"; };
		54EB73892BA6CAE3002DAF95 /* Info.plist */ = {isa = PBXFileReference; lastKnownFileType = text.plist.xml; path = Info.plist; sourceTree = "<group>"; };
		54EB738E2BA6CAE3002DAF95 /* lab5Tests.xctest */ = {isa = PBXFileReference; explicitFileType = wrapper.cfbundle; includeInIndex = 0; path = lab5Tests.xctest; sourceTree = BUILT_PRODUCTS_DIR; };
		54EB73922BA6CAE4002DAF95 /* lab5Tests.swift */ = {isa = PBXFileReference; lastKnownFileType = sourcecode.swift; path = lab5Tests.swift; sourceTree = "<group>"; };
		54EB73982BA6CAE4002DAF95 /* lab5UITests.xctest */ = {isa = PBXFileReference; explicitFileType = wrapper.cfbundle; includeInIndex = 0; path = lab5UITests.xctest; sourceTree = BUILT_PRODUCTS_DIR; };
		54EB739C2BA6CAE4002DAF95 /* lab5UITests.swift */ = {isa = PBXFileReference; lastKnownFileType = sourcecode.swift; path = lab5UITests.swift; sourceTree = "<group>"; };
		54EB739E2BA6CAE4002DAF95 /* lab5UITestsLaunchTests.swift */ = {isa = PBXFileReference; lastKnownFileType = sourcecode.swift; path = lab5UITestsLaunchTests.swift; sourceTree = "<group>"; };
/* End PBXFileReference section */

/* Begin PBXFrameworksBuildPhase section */
		54EB73752BA6CAE1002DAF95 /* Frameworks */ = {
			isa = PBXFrameworksBuildPhase;
			buildActionMask = 2147483647;
			files = (
			);
			runOnlyForDeploymentPostprocessing = 0;
		};
		54EB738B2BA6CAE3002DAF95 /* Frameworks */ = {
			isa = PBXFrameworksBuildPhase;
			buildActionMask = 2147483647;
			files = (
			);
			runOnlyForDeploymentPostprocessing = 0;
		};
		54EB73952BA6CAE4002DAF95 /* Frameworks */ = {
			isa = PBXFrameworksBuildPhase;
			buildActionMask = 2147483647;
			files = (
			);
			runOnlyForDeploymentPostprocessing = 0;
		};
/* End PBXFrameworksBuildPhase section */

/* Begin PBXGroup section */
		54EB736F2BA6CAE1002DAF95 = {
			isa = PBXGroup;
			children = (
				54EB737A2BA6CAE1002DAF95 /* lab5 */,
				54EB73912BA6CAE4002DAF95 /* lab5Tests */,
				54EB739B2BA6CAE4002DAF95 /* lab5UITests */,
				54EB73792BA6CAE1002DAF95 /* Products */,
			);
			sourceTree = "<group>";
		};
		54EB73792BA6CAE1002DAF95 /* Products */ = {
			isa = PBXGroup;
			children = (
				54EB73782BA6CAE1002DAF95 /* lab5.app */,
				54EB738E2BA6CAE3002DAF95 /* lab5Tests.xctest */,
				54EB73982BA6CAE4002DAF95 /* lab5UITests.xctest */,
			);
			name = Products;
			sourceTree = "<group>";
		};
		54EB737A2BA6CAE1002DAF95 /* lab5 */ = {
			isa = PBXGroup;
			children = (
				54EB737B2BA6CAE1002DAF95 /* AppDelegate.swift */,
				54EB737D2BA6CAE1002DAF95 /* SceneDelegate.swift */,
				54EB737F2BA6CAE1002DAF95 /* ViewController.swift */,
				54EB73812BA6CAE1002DAF95 /* Main.storyboard */,
				54EB73842BA6CAE3002DAF95 /* Assets.xcassets */,
				54EB73862BA6CAE3002DAF95 /* LaunchScreen.storyboard */,
				54EB73892BA6CAE3002DAF95 /* Info.plist */,
			);
			path = lab5;
			sourceTree = "<group>";
		};
		54EB73912BA6CAE4002DAF95 /* lab5Tests */ = {
			isa = PBXGroup;
			children = (
				54EB73922BA6CAE4002DAF95 /* lab5Tests.swift */,
			);
			path = lab5Tests;
			sourceTree = "<group>";
		};
		54EB739B2BA6CAE4002DAF95 /* lab5UITests */ = {
			isa = PBXGroup;
			children = (
				54EB739C2BA6CAE4002DAF95 /* lab5UITests.swift */,
				54EB739E2BA6CAE4002DAF95 /* lab5UITestsLaunchTests.swift */,
			);
			path = lab5UITests;
			sourceTree = "<group>";
		};
/* End PBXGroup section */

/* Begin PBXNativeTarget section */
		54EB73772BA6CAE1002DAF95 /* lab5 */ = {
			isa = PBXNativeTarget;
			buildConfigurationList = 54EB73A22BA6CAE4002DAF95 /* Build configuration list for PBXNativeTarget "lab5" */;
			buildPhases = (
				54EB73742BA6CAE1002DAF95 /* Sources */,
				54EB73752BA6CAE1002DAF95 /* Frameworks */,
				54EB73762BA6CAE1002DAF95 /* Resources */,
			);
			buildRules = (
			);
			dependencies = (
			);
			name = lab5;
			productName = lab5;
			productReference = 54EB73782BA6CAE1002DAF95 /* lab5.app */;
			productType = "com.apple.product-type.application";
		};
		54EB738D2BA6CAE3002DAF95 /* lab5Tests */ = {
			isa = PBXNativeTarget;
			buildConfigurationList = 54EB73A52BA6CAE4002DAF95 /* Build configuration list for PBXNativeTarget "lab5Tests" */;
			buildPhases = (
				54EB738A2BA6CAE3002DAF95 /* Sources */,
				54EB738B2BA6CAE3002DAF95 /* Frameworks */,
				54EB738C2BA6CAE3002DAF95 /* Resources */,
			);
			buildRules = (
			);
			dependencies = (
				54EB73902BA6CAE3002DAF95 /* PBXTargetDependency */,
			);
			name = lab5Tests;
			productName = lab5Tests;
			productReference = 54EB738E2BA6CAE3002DAF95 /* lab5Tests.xctest */;
			productType = "com.apple.product-type.bundle.unit-test";
		};
		54EB73972BA6CAE4002DAF95 /* lab5UITests */ = {
			isa = PBXNativeTarget;
			buildConfigurationList = 54EB73A82BA6CAE4002DAF95 /* Build configuration list for PBXNativeTarget "lab5UITests" */;
			buildPhases = (
				54EB73942BA6CAE4002DAF95 /* Sources */,
				54EB73952BA6CAE4002DAF95 /* Frameworks */,
				54EB73962BA6CAE4002DAF95 /* Resources */,
			);
			buildRules = (
			);
			dependencies = (
				54EB739A2BA6CAE4002DAF95 /* PBXTargetDependency */,
			);
			name = lab5UITests;
			productName = lab5UITests;
			productReference = 54EB73982BA6CAE4002DAF95 /* lab5UITests.xctest */;
			productType = "com.apple.product-type.bundle.ui-testing";
		};
/* End PBXNativeTarget section */

/* Begin PBXProject section */
		54EB73702BA6CAE1002DAF95 /* Project object */ = {
			isa = PBXProject;
			attributes = {
				BuildIndependentTargetsInParallel = 1;
				LastSwiftUpdateCheck = 1520;
				LastUpgradeCheck = 1520;
				TargetAttributes = {
					54EB73772BA6CAE1002DAF95 = {
						CreatedOnToolsVersion = 15.2;
					};
					54EB738D2BA6CAE3002DAF95 = {
						CreatedOnToolsVersion = 15.2;
						TestTargetID = 54EB73772BA6CAE1002DAF95;
					};
					54EB73972BA6CAE4002DAF95 = {
						CreatedOnToolsVersion = 15.2;
						TestTargetID = 54EB73772BA6CAE1002DAF95;
					};
				};
			};
			buildConfigurationList = 54EB73732BA6CAE1002DAF95 /* Build configuration list for PBXProject "lab5" */;
			compatibilityVersion = "Xcode 14.0";
			developmentRegion = en;
			hasScannedForEncodings = 0;
			knownRegions = (
				en,
				Base,
			);
			mainGroup = 54EB736F2BA6CAE1002DAF95;
			productRefGroup = 54EB73792BA6CAE1002DAF95 /* Products */;
			projectDirPath = "";
			projectRoot = "";
			targets = (
				54EB73772BA6CAE1002DAF95 /* lab5 */,
				54EB738D2BA6CAE3002DAF95 /* lab5Tests */,
				54EB73972BA6CAE4002DAF95 /* lab5UITests */,
			);
		};
/* End PBXProject section */

/* Begin PBXResourcesBuildPhase section */
		54EB73762BA6CAE1002DAF95 /* Resources */ = {
			isa = PBXResourcesBuildPhase;
			buildActionMask = 2147483647;
			files = (
				54EB73882BA6CAE3002DAF95 /* LaunchScreen.storyboard in Resources */,
				54EB73852BA6CAE3002DAF95 /* Assets.xcassets in Resources */,
				54EB73832BA6CAE1002DAF95 /* Main.storyboard in Resources */,
			);
			runOnlyForDeploymentPostprocessing = 0;
		};
		54EB738C2BA6CAE3002DAF95 /* Resources */ = {
			isa = PBXResourcesBuildPhase;
			buildActionMask = 2147483647;
			files = (
			);
			runOnlyForDeploymentPostprocessing = 0;
		};
		54EB73962BA6CAE4002DAF95 /* Resources */ = {
			isa = PBXResourcesBuildPhase;
			buildActionMask = 2147483647;
			files = (
			);
			runOnlyForDeploymentPostprocessing = 0;
		};
/* End PBXResourcesBuildPhase section */

/* Begin PBXSourcesBuildPhase section */
		54EB73742BA6CAE1002DAF95 /* Sources */ = {
			isa = PBXSourcesBuildPhase;
			buildActionMask = 2147483647;
			files = (
				54EB73802BA6CAE1002DAF95 /* ViewController.swift in Sources */,
				54EB737C2BA6CAE1002DAF95 /* AppDelegate.swift in Sources */,
				54EB737E2BA6CAE1002DAF95 /* SceneDelegate.swift in Sources */,
			);
			runOnlyForDeploymentPostprocessing = 0;
		};
		54EB738A2BA6CAE3002DAF95 /* Sources */ = {
			isa = PBXSourcesBuildPhase;
			buildActionMask = 2147483647;
			files = (
				54EB73932BA6CAE4002DAF95 /* lab5Tests.swift in Sources */,
			);
			runOnlyForDeploymentPostprocessing = 0;
		};
		54EB73942BA6CAE4002DAF95 /* Sources */ = {
			isa = PBXSourcesBuildPhase;
			buildActionMask = 2147483647;
			files = (
				54EB739F2BA6CAE4002DAF95 /* lab5UITestsLaunchTests.swift in Sources */,
				54EB739D2BA6CAE4002DAF95 /* lab5UITests.swift in Sources */,
			);
			runOnlyForDeploymentPostprocessing = 0;
		};
/* End PBXSourcesBuildPhase section */

/* Begin PBXTargetDependency section */
		54EB73902BA6CAE3002DAF95 /* PBXTargetDependency */ = {
			isa = PBXTargetDependency;
			target = 54EB73772BA6CAE1002DAF95 /* lab5 */;
			targetProxy = 54EB738F2BA6CAE3002DAF95 /* PBXContainerItemProxy */;
		};
		54EB739A2BA6CAE4002DAF95 /* PBXTargetDependency */ = {
			isa = PBXTargetDependency;
			target = 54EB73772BA6CAE1002DAF95 /* lab5 */;
			targetProxy = 54EB73992BA6CAE4002DAF95 /* PBXContainerItemProxy */;
		};
/* End PBXTargetDependency section */

/* Begin PBXVariantGroup section */
		54EB73812BA6CAE1002DAF95 /* Main.storyboard */ = {
			isa = PBXVariantGroup;
			children = (
				54EB73822BA6CAE1002DAF95 /* Base */,
			);
			name = Main.storyboard;
			sourceTree = "<group>";
		};
		54EB73862BA6CAE3002DAF95 /* LaunchScreen.storyboard */ = {
			isa = PBXVariantGroup;
			children = (
				54EB73872BA6CAE3002DAF95 /* Base */,
			);
			name = LaunchScreen.storyboard;
			sourceTree = "<group>";
		};
/* End PBXVariantGroup section */

/* Begin XCBuildConfiguration section */
		54EB73A02BA6CAE4002DAF95 /* Debug */ = {
			isa = XCBuildConfiguration;
			buildSettings = {
				ALWAYS_SEARCH_USER_PATHS = NO;
				ASSETCATALOG_COMPILER_GENERATE_SWIFT_ASSET_SYMBOL_EXTENSIONS = YES;
				CLANG_ANALYZER_NONNULL = YES;
				CLANG_ANALYZER_NUMBER_OBJECT_CONVERSION = YES_AGGRESSIVE;
				CLANG_CXX_LANGUAGE_STANDARD = "gnu++20";
				CLANG_ENABLE_MODULES = YES;
				CLANG_ENABLE_OBJC_ARC = YES;
				CLANG_ENABLE_OBJC_WEAK = YES;
				CLANG_WARN_BLOCK_CAPTURE_AUTORELEASING = YES;
				CLANG_WARN_BOOL_CONVERSION = YES;
				CLANG_WARN_COMMA = YES;
				CLANG_WARN_CONSTANT_CONVERSION = YES;
				CLANG_WARN_DEPRECATED_OBJC_IMPLEMENTATIONS = YES;
				CLANG_WARN_DIRECT_OBJC_ISA_USAGE = YES_ERROR;
				CLANG_WARN_DOCUMENTATION_COMMENTS = YES;
				CLANG_WARN_EMPTY_BODY = YES;
				CLANG_WARN_ENUM_CONVERSION = YES;
				CLANG_WARN_INFINITE_RECURSION = YES;
				CLANG_WARN_INT_CONVERSION = YES;
				CLANG_WARN_NON_LITERAL_NULL_CONVERSION = YES;
				CLANG_WARN_OBJC_IMPLICIT_RETAIN_SELF = YES;
				CLANG_WARN_OBJC_LITERAL_CONVERSION = YES;
				CLANG_WARN_OBJC_ROOT_CLASS = YES_ERROR;
				CLANG_WARN_QUOTED_INCLUDE_IN_FRAMEWORK_HEADER = YES;
				CLANG_WARN_RANGE_LOOP_ANALYSIS = YES;
				CLANG_WARN_STRICT_PROTOTYPES = YES;
				CLANG_WARN_SUSPICIOUS_MOVE = YES;
				CLANG_WARN_UNGUARDED_AVAILABILITY = YES_AGGRESSIVE;
				CLANG_WARN_UNREACHABLE_CODE = YES;
				CLANG_WARN__DUPLICATE_METHOD_MATCH = YES;
				COPY_PHASE_STRIP = NO;
				DEBUG_INFORMATION_FORMAT = dwarf;
				ENABLE_STRICT_OBJC_MSGSEND = YES;
				ENABLE_TESTABILITY = YES;
				ENABLE_USER_SCRIPT_SANDBOXING = YES;
				GCC_C_LANGUAGE_STANDARD = gnu17;
				GCC_DYNAMIC_NO_PIC = NO;
				GCC_NO_COMMON_BLOCKS = YES;
				GCC_OPTIMIZATION_LEVEL = 0;
				GCC_PREPROCESSOR_DEFINITIONS = (
					"DEBUG=1",
					"$(inherited)",
				);
				GCC_WARN_64_TO_32_BIT_CONVERSION = YES;
				GCC_WARN_ABOUT_RETURN_TYPE = YES_ERROR;
				GCC_WARN_UNDECLARED_SELECTOR = YES;
				GCC_WARN_UNINITIALIZED_AUTOS = YES_AGGRESSIVE;
				GCC_WARN_UNUSED_FUNCTION = YES;
				GCC_WARN_UNUSED_VARIABLE = YES;
				IPHONEOS_DEPLOYMENT_TARGET = 17.2;
				LOCALIZATION_PREFERS_STRING_CATALOGS = YES;
				MTL_ENABLE_DEBUG_INFO = INCLUDE_SOURCE;
				MTL_FAST_MATH = YES;
				ONLY_ACTIVE_ARCH = YES;
				SDKROOT = iphoneos;
				SWIFT_ACTIVE_COMPILATION_CONDITIONS = "DEBUG $(inherited)";
				SWIFT_OPTIMIZATION_LEVEL = "-Onone";
			};
			name = Debug;
		};
		54EB73A12BA6CAE4002DAF95 /* Release */ = {
			isa = XCBuildConfiguration;
			buildSettings = {
				ALWAYS_SEARCH_USER_PATHS = NO;
				ASSETCATALOG_COMPILER_GENERATE_SWIFT_ASSET_SYMBOL_EXTENSIONS = YES;
				CLANG_ANALYZER_NONNULL = YES;
				CLANG_ANALYZER_NUMBER_OBJECT_CONVERSION = YES_AGGRESSIVE;
				CLANG_CXX_LANGUAGE_STANDARD = "gnu++20";
				CLANG_ENABLE_MODULES = YES;
				CLANG_ENABLE_OBJC_ARC = YES;
				CLANG_ENABLE_OBJC_WEAK = YES;
				CLANG_WARN_BLOCK_CAPTURE_AUTORELEASING = YES;
				CLANG_WARN_BOOL_CONVERSION = YES;
				CLANG_WARN_COMMA = YES;
				CLANG_WARN_CONSTANT_CONVERSION = YES;
				CLANG_WARN_DEPRECATED_OBJC_IMPLEMENTATIONS = YES;
				CLANG_WARN_DIRECT_OBJC_ISA_USAGE = YES_ERROR;
				CLANG_WARN_DOCUMENTATION_COMMENTS = YES;
				CLANG_WARN_EMPTY_BODY = YES;
				CLANG_WARN_ENUM_CONVERSION = YES;
				CLANG_WARN_INFINITE_RECURSION = YES;
				CLANG_WARN_INT_CONVERSION = YES;
				CLANG_WARN_NON_LITERAL_NULL_CONVERSION = YES;
				CLANG_WARN_OBJC_IMPLICIT_RETAIN_SELF = YES;
				CLANG_WARN_OBJC_LITERAL_CONVERSION = YES;
				CLANG_WARN_OBJC_ROOT_CLASS = YES_ERROR;
				CLANG_WARN_QUOTED_INCLUDE_IN_FRAMEWORK_HEADER = YES;
				CLANG_WARN_RANGE_LOOP_ANALYSIS = YES;
				CLANG_WARN_STRICT_PROTOTYPES = YES;
				CLANG_WARN_SUSPICIOUS_MOVE = YES;
				CLANG_WARN_UNGUARDED_AVAILABILITY = YES_AGGRESSIVE;
				CLANG_WARN_UNREACHABLE_CODE = YES;
				CLANG_WARN__DUPLICATE_METHOD_MATCH = YES;
				COPY_PHASE_STRIP = NO;
				DEBUG_INFORMATION_FORMAT = "dwarf-with-dsym";
				ENABLE_NS_ASSERTIONS = NO;
				ENABLE_STRICT_OBJC_MSGSEND = YES;
				ENABLE_USER_SCRIPT_SANDBOXING = YES;
				GCC_C_LANGUAGE_STANDARD = gnu17;
				GCC_NO_COMMON_BLOCKS = YES;
				GCC_WARN_64_TO_32_BIT_CONVERSION = YES;
				GCC_WARN_ABOUT_RETURN_TYPE = YES_ERROR;
				GCC_WARN_UNDECLARED_SELECTOR = YES;
				GCC_WARN_UNINITIALIZED_AUTOS = YES_AGGRESSIVE;
				GCC_WARN_UNUSED_FUNCTION = YES;
				GCC_WARN_UNUSED_VARIABLE = YES;
				IPHONEOS_DEPLOYMENT_TARGET = 17.2;
				LOCALIZATION_PREFERS_STRING_CATALOGS = YES;
				MTL_ENABLE_DEBUG_INFO = NO;
				MTL_FAST_MATH = YES;
				SDKROOT = iphoneos;
				SWIFT_COMPILATION_MODE = wholemodule;
				VALIDATE_PRODUCT = YES;
			};
			name = Release;
		};
		54EB73A32BA6CAE4002DAF95 /* Debug */ = {
			isa = XCBuildConfiguration;
			buildSettings = {
				ASSETCATALOG_COMPILER_APPICON_NAME = AppIcon;
				ASSETCATALOG_COMPILER_GLOBAL_ACCENT_COLOR_NAME = AccentColor;
				CODE_SIGN_STYLE = Automatic;
				CURRENT_PROJECT_VERSION = 1;
				GENERATE_INFOPLIST_FILE = YES;
				INFOPLIST_FILE = lab5/Info.plist;
				INFOPLIST_KEY_UIApplicationSupportsIndirectInputEvents = YES;
				INFOPLIST_KEY_UILaunchStoryboardName = LaunchScreen;
				INFOPLIST_KEY_UIMainStoryboardFile = Main;
				INFOPLIST_KEY_UISupportedInterfaceOrientations_iPad = "UIInterfaceOrientationPortrait UIInterfaceOrientationPortraitUpsideDown UIInterfaceOrientationLandscapeLeft UIInterfaceOrientationLandscapeRight";
				INFOPLIST_KEY_UISupportedInterfaceOrientations_iPhone = "UIInterfaceOrientationPortrait UIInterfaceOrientationLandscapeLeft UIInterfaceOrientationLandscapeRight";
				LD_RUNPATH_SEARCH_PATHS = (
					"$(inherited)",
					"@executable_path/Frameworks",
				);
				MARKETING_VERSION = 1.0;
				PRODUCT_BUNDLE_IDENTIFIER = labs.lab5;
				PRODUCT_NAME = "$(TARGET_NAME)";
				SWIFT_EMIT_LOC_STRINGS = YES;
				SWIFT_VERSION = 5.0;
				TARGETED_DEVICE_FAMILY = "1,2";
			};
			name = Debug;
		};
		54EB73A42BA6CAE4002DAF95 /* Release */ = {
			isa = XCBuildConfiguration;
			buildSettings = {
				ASSETCATALOG_COMPILER_APPICON_NAME = AppIcon;
				ASSETCATALOG_COMPILER_GLOBAL_ACCENT_COLOR_NAME = AccentColor;
				CODE_SIGN_STYLE = Automatic;
				CURRENT_PROJECT_VERSION = 1;
				GENERATE_INFOPLIST_FILE = YES;
				INFOPLIST_FILE = lab5/Info.plist;
				INFOPLIST_KEY_UIApplicationSupportsIndirectInputEvents = YES;
				INFOPLIST_KEY_UILaunchStoryboardName = LaunchScreen;
				INFOPLIST_KEY_UIMainStoryboardFile = Main;
				INFOPLIST_KEY_UISupportedInterfaceOrientations_iPad = "UIInterfaceOrientationPortrait UIInterfaceOrientationPortraitUpsideDown UIInterfaceOrientationLandscapeLeft UIInterfaceOrientationLandscapeRight";
				INFOPLIST_KEY_UISupportedInterfaceOrientations_iPhone = "UIInterfaceOrientationPortrait UIInterfaceOrientationLandscapeLeft UIInterfaceOrientationLandscapeRight";
				LD_RUNPATH_SEARCH_PATHS = (
					"$(inherited)",
					"@executable_path/Frameworks",
				);
				MARKETING_VERSION = 1.0;
				PRODUCT_BUNDLE_IDENTIFIER = labs.lab5;
				PRODUCT_NAME = "$(TARGET_NAME)";
				SWIFT_EMIT_LOC_STRINGS = YES;
				SWIFT_VERSION = 5.0;
				TARGETED_DEVICE_FAMILY = "1,2";
			};
			name = Release;
		};
		54EB73A62BA6CAE4002DAF95 /* Debug */ = {
			isa = XCBuildConfiguration;
			buildSettings = {
				ALWAYS_EMBED_SWIFT_STANDARD_LIBRARIES = YES;
				BUNDLE_LOADER = "$(TEST_HOST)";
				CODE_SIGN_STYLE = Automatic;
				CURRENT_PROJECT_VERSION = 1;
				GENERATE_INFOPLIST_FILE = YES;
				IPHONEOS_DEPLOYMENT_TARGET = 17.2;
				MARKETING_VERSION = 1.0;
				PRODUCT_BUNDLE_IDENTIFIER = labs.lab5Tests;
				PRODUCT_NAME = "$(TARGET_NAME)";
				SWIFT_EMIT_LOC_STRINGS = NO;
				SWIFT_VERSION = 5.0;
				TARGETED_DEVICE_FAMILY = "1,2";
				TEST_HOST = "$(BUILT_PRODUCTS_DIR)/lab5.app/$(BUNDLE_EXECUTABLE_FOLDER_PATH)/lab5";
			};
			name = Debug;
		};
		54EB73A72BA6CAE4002DAF95 /* Release */ = {
			isa = XCBuildConfiguration;
			buildSettings = {
				ALWAYS_EMBED_SWIFT_STANDARD_LIBRARIES = YES;
				BUNDLE_LOADER = "$(TEST_HOST)";
				CODE_SIGN_STYLE = Automatic;
				CURRENT_PROJECT_VERSION = 1;
				GENERATE_INFOPLIST_FILE = YES;
				IPHONEOS_DEPLOYMENT_TARGET = 17.2;
				MARKETING_VERSION = 1.0;
				PRODUCT_BUNDLE_IDENTIFIER = labs.lab5Tests;
				PRODUCT_NAME = "$(TARGET_NAME)";
				SWIFT_EMIT_LOC_STRINGS = NO;
				SWIFT_VERSION = 5.0;
				TARGETED_DEVICE_FAMILY = "1,2";
				TEST_HOST = "$(BUILT_PRODUCTS_DIR)/lab5.app/$(BUNDLE_EXECUTABLE_FOLDER_PATH)/lab5";
			};
			name = Release;
		};
		54EB73A92BA6CAE4002DAF95 /* Debug */ = {
			isa = XCBuildConfiguration;
			buildSettings = {
				ALWAYS_EMBED_SWIFT_STANDARD_LIBRARIES = YES;
				CODE_SIGN_STYLE = Automatic;
				CURRENT_PROJECT_VERSION = 1;
				GENERATE_INFOPLIST_FILE = YES;
				MARKETING_VERSION = 1.0;
				PRODUCT_BUNDLE_IDENTIFIER = labs.lab5UITests;
				PRODUCT_NAME = "$(TARGET_NAME)";
				SWIFT_EMIT_LOC_STRINGS = NO;
				SWIFT_VERSION = 5.0;
				TARGETED_DEVICE_FAMILY = "1,2";
				TEST_TARGET_NAME = lab5;
			};
			name = Debug;
		};
		54EB73AA2BA6CAE4002DAF95 /* Release */ = {
			isa = XCBuildConfiguration;
			buildSettings = {
				ALWAYS_EMBED_SWIFT_STANDARD_LIBRARIES = YES;
				CODE_SIGN_STYLE = Automatic;
				CURRENT_PROJECT_VERSION = 1;
				GENERATE_INFOPLIST_FILE = YES;
				MARKETING_VERSION = 1.0;
				PRODUCT_BUNDLE_IDENTIFIER = labs.lab5UITests;
				PRODUCT_NAME = "$(TARGET_NAME)";
				SWIFT_EMIT_LOC_STRINGS = NO;
				SWIFT_VERSION = 5.0;
				TARGETED_DEVICE_FAMILY = "1,2";
				TEST_TARGET_NAME = lab5;
			};
			name = Release;
		};
/* End XCBuildConfiguration section */

/* Begin XCConfigurationList section */
		54EB73732BA6CAE1002DAF95 /* Build configuration list for PBXProject "lab5" */ = {
			isa = XCConfigurationList;
			buildConfigurations = (
				54EB73A02BA6CAE4002DAF95 /* Debug */,
				54EB73A12BA6CAE4002DAF95 /* Release */,
			);
			defaultConfigurationIsVisible = 0;
			defaultConfigurationName = Release;
		};
		54EB73A22BA6CAE4002DAF95 /* Build configuration list for PBXNativeTarget "lab5" */ = {
			isa = XCConfigurationList;
			buildConfigurations = (
				54EB73A32BA6CAE4002DAF95 /* Debug */,
				54EB73A42BA6CAE4002DAF95 /* Release */,
			);
			defaultConfigurationIsVisible = 0;
			defaultConfigurationName = Release;
		};
		54EB73A52BA6CAE4002DAF95 /* Build configuration list for PBXNativeTarget "lab5Tests" */ = {
			isa = XCConfigurationList;
			buildConfigurations = (
				54EB73A62BA6CAE4002DAF95 /* Debug */,
				54EB73A72BA6CAE4002DAF95 /* Release */,
			);
			defaultConfigurationIsVisible = 0;
			defaultConfigurationName = Release;
		};
		54EB73A82BA6CAE4002DAF95 /* Build configuration list for PBXNativeTarget "lab5UITests" */ = {
			isa = XCConfigurationList;
			buildConfigurations = (
				54EB73A92BA6CAE4002DAF95 /* Debug */,
				54EB73AA2BA6CAE4002DAF95 /* Release */,
			);
			defaultConfigurationIsVisible = 0;
			defaultConfigurationName = Release;
		};
/* End XCConfigurationList section */
	};
	rootObject = 54EB73702BA6CAE1002DAF95 /* Project object */;
}
